
Microsoft Visual Studio Solution File, Format Version 12.00
# Visual Studio Version 16
VisualStudioVersion = 16.0.30225.117
MinimumVisualStudioVersion = 10.0.40219.1
Project("{FAE04EC0-301F-11D3-BF4B-00C04F79EFBC}") = "WebMVC", "WebMVC\WebMVC.csproj", "{5C8DF1AF-8D68-4D3B-99CE-7E19BF3314CE}"
EndProject
Project("{FAE04EC0-301F-11D3-BF4B-00C04F79EFBC}") = "Data", "Data\Data.csproj", "{568D308A-DA58-48A2-8398-DDDFDA35B766}"
EndProject
Project("{FAE04EC0-301F-11D3-BF4B-00C04F79EFBC}") = "Models", "Models\Models.csproj", "{3BBDDFE9-7890-49ED-B1B4-EA04230FDD26}"
EndProject
Project("{FAE04EC0-301F-11D3-BF4B-00C04F79EFBC}") = "Services", "Services\Services.csproj", "{F3E08C7E-C253-44AE-A526-454128CB69B8}"
EndProject
Global
	GlobalSection(SolutionConfigurationPlatforms) = preSolution
		Debug|Any CPU = Debug|Any CPU
		Release|Any CPU = Release|Any CPU
	EndGlobalSection
	GlobalSection(ProjectConfigurationPlatforms) = postSolution
		{5C8DF1AF-8D68-4D3B-99CE-7E19BF3314CE}.Debug|Any CPU.ActiveCfg = Debug|Any CPU
		{5C8DF1AF-8D68-4D3B-99CE-7E19BF3314CE}.Debug|Any CPU.Build.0 = Debug|Any CPU
		{5C8DF1AF-8D68-4D3B-99CE-7E19BF3314CE}.Release|Any CPU.ActiveCfg = Release|Any CPU
		{5C8DF1AF-8D68-4D3B-99CE-7E19BF3314CE}.Release|Any CPU.Build.0 = Release|Any CPU
		{568D308A-DA58-48A2-8398-DDDFDA35B766}.Debug|Any CPU.ActiveCfg = Debug|Any CPU
		{568D308A-DA58-48A2-8398-DDDFDA35B766}.Debug|Any CPU.Build.0 = Debug|Any CPU
		{568D308A-DA58-48A2-8398-DDDFDA35B766}.Release|Any CPU.ActiveCfg = Release|Any CPU
		{568D308A-DA58-48A2-8398-DDDFDA35B766}.Release|Any CPU.Build.0 = Release|Any CPU
		{3BBDDFE9-7890-49ED-B1B4-EA04230FDD26}.Debug|Any CPU.ActiveCfg = Debug|Any CPU
		{3BBDDFE9-7890-49ED-B1B4-EA04230FDD26}.Debug|Any CPU.Build.0 = Debug|Any CPU
		{3BBDDFE9-7890-49ED-B1B4-EA04230FDD26}.Release|Any CPU.ActiveCfg = Release|Any CPU
		{3BBDDFE9-7890-49ED-B1B4-EA04230FDD26}.Release|Any CPU.Build.0 = Release|Any CPU
		{F3E08C7E-C253-44AE-A526-454128CB69B8}.Debug|Any CPU.ActiveCfg = Debug|Any CPU
		{F3E08C7E-C253-44AE-A526-454128CB69B8}.Debug|Any CPU.Build.0 = Debug|Any CPU
		{F3E08C7E-C253-44AE-A526-454128CB69B8}.Release|Any CPU.ActiveCfg = Release|Any CPU
		{F3E08C7E-C253-44AE-A526-454128CB69B8}.Release|Any CPU.Build.0 = Release|Any CPU
	EndGlobalSection
	GlobalSection(SolutionProperties) = preSolution
		HideSolutionNode = FALSE
	EndGlobalSection
	GlobalSection(ExtensibilityGlobals) = postSolution
		SolutionGuid = {5426FE75-2B21-4033-A787-2E1667135C11}
	EndGlobalSection
EndGlobal
